
Microsoft Visual Studio Solution File, Format Version 12.00
# Visual Studio Version 17
VisualStudioVersion = 17.14.36603.0 d17.14
MinimumVisualStudioVersion = 10.0.40219.1
Project("{FAE04EC0-301F-11D3-BF4B-00C04F79EFBC}") = "RPM_BD", "RPM_BD\RPM_BD.csproj", "{459E7C16-80BF-421D-ACF0-1857A38277FC}"
EndProject
Global
	GlobalSection(SolutionConfigurationPlatforms) = preSolution
		Debug|Any CPU = Debug|Any CPU
		Release|Any CPU = Release|Any CPU
	EndGlobalSection
	GlobalSection(ProjectConfigurationPlatforms) = postSolution
		{459E7C16-80BF-421D-ACF0-1857A38277FC}.Debug|Any CPU.ActiveCfg = Debug|Any CPU
		{459E7C16-80BF-421D-ACF0-1857A38277FC}.Debug|Any CPU.Build.0 = Debug|Any CPU
		{459E7C16-80BF-421D-ACF0-1857A38277FC}.Release|Any CPU.ActiveCfg = Release|Any CPU
		{459E7C16-80BF-421D-ACF0-1857A38277FC}.Release|Any CPU.Build.0 = Release|Any CPU
	EndGlobalSection
	GlobalSection(SolutionProperties) = preSolution
		HideSolutionNode = FALSE
	EndGlobalSection
	GlobalSection(ExtensibilityGlobals) = postSolution
		SolutionGuid = {484B193E-6B64-4D76-8451-B070E8B207E8}
	EndGlobalSection
EndGlobal
